
Microsoft Visual Studio Solution File, Format Version 12.00
# Visual Studio Version 16
VisualStudioVersion = 16.0.29911.84
MinimumVisualStudioVersion = 10.0.40219.1
Project("{FAE04EC0-301F-11D3-BF4B-00C04F79EFBC}") = "CursorControl", "CursorControl.csproj", "{057C18E5-DF84-4760-A383-E4819B66027B}"
EndProject
Global
	GlobalSection(SolutionConfigurationPlatforms) = preSolution
		Debug|Any CPU = Debug|Any CPU
		Release|Any CPU = Release|Any CPU
	EndGlobalSection
	GlobalSection(ProjectConfigurationPlatforms) = postSolution
		{057C18E5-DF84-4760-A383-E4819B66027B}.Debug|Any CPU.ActiveCfg = Debug|Any CPU
		{057C18E5-DF84-4760-A383-E4819B66027B}.Debug|Any CPU.Build.0 = Debug|Any CPU
		{057C18E5-DF84-4760-A383-E4819B66027B}.Release|Any CPU.ActiveCfg = Release|Any CPU
		{057C18E5-DF84-4760-A383-E4819B66027B}.Release|Any CPU.Build.0 = Release|Any CPU
	EndGlobalSection
	GlobalSection(SolutionProperties) = preSolution
		HideSolutionNode = FALSE
	EndGlobalSection
	GlobalSection(ExtensibilityGlobals) = postSolution
		SolutionGuid = {162431AA-3DC1-4C04-92A3-55E42D2761DC}
	EndGlobalSection
EndGlobal
